
Microsoft Visual Studio Solution File, Format Version 12.00
# Visual Studio Version 17
VisualStudioVersion = 17.10.35013.160
MinimumVisualStudioVersion = 10.0.40219.1
Project("{9A19103F-16F7-4668-BE54-9A1E7A4F7556}") = "WpfApp1", "WpfApp1\WpfApp1.csproj", "{69793F9C-0F8B-4A24-B3FB-4662012E5ECA}"
EndProject
Global
	GlobalSection(SolutionConfigurationPlatforms) = preSolution
		Debug|Any CPU = Debug|Any CPU
		Release|Any CPU = Release|Any CPU
	EndGlobalSection
	GlobalSection(ProjectConfigurationPlatforms) = postSolution
		{69793F9C-0F8B-4A24-B3FB-4662012E5ECA}.Debug|Any CPU.ActiveCfg = Debug|Any CPU
		{69793F9C-0F8B-4A24-B3FB-4662012E5ECA}.Debug|Any CPU.Build.0 = Debug|Any CPU
		{69793F9C-0F8B-4A24-B3FB-4662012E5ECA}.Release|Any CPU.ActiveCfg = Release|Any CPU
		{69793F9C-0F8B-4A24-B3FB-4662012E5ECA}.Release|Any CPU.Build.0 = Release|Any CPU
	EndGlobalSection
	GlobalSection(SolutionProperties) = preSolution
		HideSolutionNode = FALSE
	EndGlobalSection
	GlobalSection(ExtensibilityGlobals) = postSolution
		SolutionGuid = {1BE9C0F8-D2A3-414F-BB99-F572AE8F8DE9}
	EndGlobalSection
EndGlobal
